// !$*UTF8*$!
{
	archiveVersion = 1;
	classes = {
	};
	objectVersion = 50;
	objects = {

/* Begin PBXBuildFile section */
		075919F0243B5603007CF443 /* ConcentrationThemeChooserViewController.swift in Sources */ = {isa = PBXBuildFile; fileRef = 075919EF243B5603007CF443 /* ConcentrationThemeChooserViewController.swift */; };
		075919F2243B8E83007CF443 /* PlayingCardsAnimationViewController.swift in Sources */ = {isa = PBXBuildFile; fileRef = 075919F1243B8E83007CF443 /* PlayingCardsAnimationViewController.swift */; };
		0760F0E524348ADA0026DA43 /* Concentration.swift in Sources */ = {isa = PBXBuildFile; fileRef = 0760F0E424348ADA0026DA43 /* Concentration.swift */; };
		0760F0E724348AE80026DA43 /* Card.swift in Sources */ = {isa = PBXBuildFile; fileRef = 0760F0E624348AE80026DA43 /* Card.swift */; };
		076D1B03243C94E2009EDC8F /* CardBehavior.swift in Sources */ = {isa = PBXBuildFile; fileRef = 076D1B02243C94E2009EDC8F /* CardBehavior.swift */; };
		076D1B06243CDF98009EDC8F /* ImageViewController.swift in Sources */ = {isa = PBXBuildFile; fileRef = 076D1B05243CDF98009EDC8F /* ImageViewController.swift */; };
		076D1B0B243CE3A9009EDC8F /* oval.jpg in Resources */ = {isa = PBXBuildFile; fileRef = 076D1B09243CE3A6009EDC8F /* oval.jpg */; };
		076D1B0D243CE3C3009EDC8F /* DemoURLs.swift in Sources */ = {isa = PBXBuildFile; fileRef = 076D1B0C243CE3C3009EDC8F /* DemoURLs.swift */; };
		077CD0B02439CE2400DAA5EC /* PlayingCardView.swift in Sources */ = {isa = PBXBuildFile; fileRef = 077CD0AF2439CE2400DAA5EC /* PlayingCardView.swift */; };
		07C309C8242EA86C0052B5C8 /* AppDelegate.swift in Sources */ = {isa = PBXBuildFile; fileRef = 07C309C7242EA86C0052B5C8 /* AppDelegate.swift */; };
		07C309CA242EA86C0052B5C8 /* ConcentrationViewController.swift in Sources */ = {isa = PBXBuildFile; fileRef = 07C309C9242EA86C0052B5C8 /* ConcentrationViewController.swift */; };
		07C309CD242EA86C0052B5C8 /* Main.storyboard in Resources */ = {isa = PBXBuildFile; fileRef = 07C309CB242EA86C0052B5C8 /* Main.storyboard */; };
		07C309CF242EA86D0052B5C8 /* Assets.xcassets in Resources */ = {isa = PBXBuildFile; fileRef = 07C309CE242EA86D0052B5C8 /* Assets.xcassets */; };
		07C309D2242EA86D0052B5C8 /* LaunchScreen.storyboard in Resources */ = {isa = PBXBuildFile; fileRef = 07C309D0242EA86D0052B5C8 /* LaunchScreen.storyboard */; };
		07C309DD242EA86E0052B5C8 /* trainTests.swift in Sources */ = {isa = PBXBuildFile; fileRef = 07C309DC242EA86E0052B5C8 /* trainTests.swift */; };
		07C309E8242EA86E0052B5C8 /* trainUITests.swift in Sources */ = {isa = PBXBuildFile; fileRef = 07C309E7242EA86E0052B5C8 /* trainUITests.swift */; };
		07CF96882436674F00586A20 /* PlayingCardViewController.swift in Sources */ = {isa = PBXBuildFile; fileRef = 07CF96872436674F00586A20 /* PlayingCardViewController.swift */; };
		07CF968A243668E800586A20 /* PlayingCard.swift in Sources */ = {isa = PBXBuildFile; fileRef = 07CF9689243668E800586A20 /* PlayingCard.swift */; };
		07CF968C24366DBC00586A20 /* PlayingCardDeck.swift in Sources */ = {isa = PBXBuildFile; fileRef = 07CF968B24366DBC00586A20 /* PlayingCardDeck.swift */; };
/* End PBXBuildFile section */

/* Begin PBXContainerItemProxy section */
		07C309D9242EA86E0052B5C8 /* PBXContainerItemProxy */ = {
			isa = PBXContainerItemProxy;
			containerPortal = 07C309BC242EA86C0052B5C8 /* Project object */;
			proxyType = 1;
			remoteGlobalIDString = 07C309C3242EA86C0052B5C8;
			remoteInfo = train;
		};
		07C309E4242EA86E0052B5C8 /* PBXContainerItemProxy */ = {
			isa = PBXContainerItemProxy;
			containerPortal = 07C309BC242EA86C0052B5C8 /* Project object */;
			proxyType = 1;
			remoteGlobalIDString = 07C309C3242EA86C0052B5C8;
			remoteInfo = train;
		};
/* End PBXContainerItemProxy section */

/* Begin PBXFileReference section */
		075919EF243B5603007CF443 /* ConcentrationThemeChooserViewController.swift */ = {isa = PBXFileReference; lastKnownFileType = sourcecode.swift; path = ConcentrationThemeChooserViewController.swift; sourceTree = "<group>"; };
		075919F1243B8E83007CF443 /* PlayingCardsAnimationViewController.swift */ = {isa = PBXFileReference; lastKnownFileType = sourcecode.swift; path = PlayingCardsAnimationViewController.swift; sourceTree = "<group>"; };
		0760F0E424348ADA0026DA43 /* Concentration.swift */ = {isa = PBXFileReference; lastKnownFileType = sourcecode.swift; path = Concentration.swift; sourceTree = "<group>"; };
		0760F0E624348AE80026DA43 /* Card.swift */ = {isa = PBXFileReference; lastKnownFileType = sourcecode.swift; path = Card.swift; sourceTree = "<group>"; };
		076D1B02243C94E2009EDC8F /* CardBehavior.swift */ = {isa = PBXFileReference; lastKnownFileType = sourcecode.swift; path = CardBehavior.swift; sourceTree = "<group>"; };
		076D1B05243CDF98009EDC8F /* ImageViewController.swift */ = {isa = PBXFileReference; lastKnownFileType = sourcecode.swift; path = ImageViewController.swift; sourceTree = "<group>"; };
		076D1B09243CE3A6009EDC8F /* oval.jpg */ = {isa = PBXFileReference; lastKnownFileType = image.jpeg; path = oval.jpg; sourceTree = "<group>"; };
		076D1B0C243CE3C3009EDC8F /* DemoURLs.swift */ = {isa = PBXFileReference; lastKnownFileType = sourcecode.swift; path = DemoURLs.swift; sourceTree = "<group>"; };
		077CD0AF2439CE2400DAA5EC /* PlayingCardView.swift */ = {isa = PBXFileReference; lastKnownFileType = sourcecode.swift; path = PlayingCardView.swift; sourceTree = "<group>"; };
		07C309C4242EA86C0052B5C8 /* train.app */ = {isa = PBXFileReference; explicitFileType = wrapper.application; includeInIndex = 0; path = train.app; sourceTree = BUILT_PRODUCTS_DIR; };
		07C309C7242EA86C0052B5C8 /* AppDelegate.swift */ = {isa = PBXFileReference; lastKnownFileType = sourcecode.swift; path = AppDelegate.swift; sourceTree = "<group>"; };
		07C309C9242EA86C0052B5C8 /* ConcentrationViewController.swift */ = {isa = PBXFileReference; lastKnownFileType = sourcecode.swift; path = ConcentrationViewController.swift; sourceTree = "<group>"; };
		07C309CC242EA86C0052B5C8 /* Base */ = {isa = PBXFileReference; lastKnownFileType = file.storyboard; name = Base; path = Base.lproj/Main.storyboard; sourceTree = "<group>"; };
		07C309CE242EA86D0052B5C8 /* Assets.xcassets */ = {isa = PBXFileReference; lastKnownFileType = folder.assetcatalog; path = Assets.xcassets; sourceTree = "<group>"; };
		07C309D1242EA86D0052B5C8 /* Base */ = {isa = PBXFileReference; lastKnownFileType = file.storyboard; name = Base; path = Base.lproj/LaunchScreen.storyboard; sourceTree = "<group>"; };
		07C309D3242EA86D0052B5C8 /* Info.plist */ = {isa = PBXFileReference; lastKnownFileType = text.plist.xml; path = Info.plist; sourceTree = "<group>"; };
		07C309D8242EA86E0052B5C8 /* trainTests.xctest */ = {isa = PBXFileReference; explicitFileType = wrapper.cfbundle; includeInIndex = 0; path = trainTests.xctest; sourceTree = BUILT_PRODUCTS_DIR; };
		07C309DC242EA86E0052B5C8 /* trainTests.swift */ = {isa = PBXFileReference; lastKnownFileType = sourcecode.swift; path = trainTests.swift; sourceTree = "<group>"; };
		07C309DE242EA86E0052B5C8 /* Info.plist */ = {isa = PBXFileReference; lastKnownFileType = text.plist.xml; path = Info.plist; sourceTree = "<group>"; };
		07C309E3242EA86E0052B5C8 /* trainUITests.xctest */ = {isa = PBXFileReference; explicitFileType = wrapper.cfbundle; includeInIndex = 0; path = trainUITests.xctest; sourceTree = BUILT_PRODUCTS_DIR; };
		07C309E7242EA86E0052B5C8 /* trainUITests.swift */ = {isa = PBXFileReference; lastKnownFileType = sourcecode.swift; path = trainUITests.swift; sourceTree = "<group>"; };
		07C309E9242EA86E0052B5C8 /* Info.plist */ = {isa = PBXFileReference; lastKnownFileType = text.plist.xml; path = Info.plist; sourceTree = "<group>"; };
		07CF96872436674F00586A20 /* PlayingCardViewController.swift */ = {isa = PBXFileReference; lastKnownFileType = sourcecode.swift; path = PlayingCardViewController.swift; sourceTree = "<group>"; };
		07CF9689243668E800586A20 /* PlayingCard.swift */ = {isa = PBXFileReference; lastKnownFileType = sourcecode.swift; path = PlayingCard.swift; sourceTree = "<group>"; };
		07CF968B24366DBC00586A20 /* PlayingCardDeck.swift */ = {isa = PBXFileReference; lastKnownFileType = sourcecode.swift; path = PlayingCardDeck.swift; sourceTree = "<group>"; };
/* End PBXFileReference section */

/* Begin PBXFrameworksBuildPhase section */
		07C309C1242EA86C0052B5C8 /* Frameworks */ = {
			isa = PBXFrameworksBuildPhase;
			buildActionMask = 2147483647;
			files = (
			);
			runOnlyForDeploymentPostprocessing = 0;
		};
		07C309D5242EA86E0052B5C8 /* Frameworks */ = {
			isa = PBXFrameworksBuildPhase;
			buildActionMask = 2147483647;
			files = (
			);
			runOnlyForDeploymentPostprocessing = 0;
		};
		07C309E0242EA86E0052B5C8 /* Frameworks */ = {
			isa = PBXFrameworksBuildPhase;
			buildActionMask = 2147483647;
			files = (
			);
			runOnlyForDeploymentPostprocessing = 0;
		};
/* End PBXFrameworksBuildPhase section */

/* Begin PBXGroup section */
		076D1B04243CDF67009EDC8F /* Casini */ = {
			isa = PBXGroup;
			children = (
				076D1B09243CE3A6009EDC8F /* oval.jpg */,
				076D1B05243CDF98009EDC8F /* ImageViewController.swift */,
				076D1B0C243CE3C3009EDC8F /* DemoURLs.swift */,
			);
			path = Casini;
			sourceTree = "<group>";
		};
		07C309BB242EA86C0052B5C8 = {
			isa = PBXGroup;
			children = (
				07C309C6242EA86C0052B5C8 /* train */,
				07C309DB242EA86E0052B5C8 /* trainTests */,
				07C309E6242EA86E0052B5C8 /* trainUITests */,
				07C309C5242EA86C0052B5C8 /* Products */,
			);
			sourceTree = "<group>";
		};
		07C309C5242EA86C0052B5C8 /* Products */ = {
			isa = PBXGroup;
			children = (
				07C309C4242EA86C0052B5C8 /* train.app */,
				07C309D8242EA86E0052B5C8 /* trainTests.xctest */,
				07C309E3242EA86E0052B5C8 /* trainUITests.xctest */,
			);
			name = Products;
			sourceTree = "<group>";
		};
		07C309C6242EA86C0052B5C8 /* train */ = {
			isa = PBXGroup;
			children = (
				076D1B04243CDF67009EDC8F /* Casini */,
				07CF96862436671900586A20 /* playingCard */,
				07CF9684243666BF00586A20 /* concentrationGame */,
				07C309CB242EA86C0052B5C8 /* Main.storyboard */,
				07D754322432590700A82610 /* supportingFiles */,
				07C309D3242EA86D0052B5C8 /* Info.plist */,
			);
			path = train;
			sourceTree = "<group>";
		};
		07C309DB242EA86E0052B5C8 /* trainTests */ = {
			isa = PBXGroup;
			children = (
				07C309DC242EA86E0052B5C8 /* trainTests.swift */,
				07C309DE242EA86E0052B5C8 /* Info.plist */,
			);
			path = trainTests;
			sourceTree = "<group>";
		};
		07C309E6242EA86E0052B5C8 /* trainUITests */ = {
			isa = PBXGroup;
			children = (
				07C309E7242EA86E0052B5C8 /* trainUITests.swift */,
				07C309E9242EA86E0052B5C8 /* Info.plist */,
			);
			path = trainUITests;
			sourceTree = "<group>";
		};
		07CF9684243666BF00586A20 /* concentrationGame */ = {
			isa = PBXGroup;
			children = (
				07C309C9242EA86C0052B5C8 /* ConcentrationViewController.swift */,
				0760F0E624348AE80026DA43 /* Card.swift */,
				0760F0E424348ADA0026DA43 /* Concentration.swift */,
				075919EF243B5603007CF443 /* ConcentrationThemeChooserViewController.swift */,
			);
			path = concentrationGame;
			sourceTree = "<group>";
		};
		07CF96862436671900586A20 /* playingCard */ = {
			isa = PBXGroup;
			children = (
				076D1B02243C94E2009EDC8F /* CardBehavior.swift */,
				07CF96872436674F00586A20 /* PlayingCardViewController.swift */,
				07CF9689243668E800586A20 /* PlayingCard.swift */,
				07CF968B24366DBC00586A20 /* PlayingCardDeck.swift */,
				077CD0AF2439CE2400DAA5EC /* PlayingCardView.swift */,
				075919F1243B8E83007CF443 /* PlayingCardsAnimationViewController.swift */,
			);
			path = playingCard;
			sourceTree = "<group>";
		};
		07D754322432590700A82610 /* supportingFiles */ = {
			isa = PBXGroup;
			children = (
				07C309CE242EA86D0052B5C8 /* Assets.xcassets */,
				07C309C7242EA86C0052B5C8 /* AppDelegate.swift */,
				07C309D0242EA86D0052B5C8 /* LaunchScreen.storyboard */,
			);
			path = supportingFiles;
			sourceTree = "<group>";
		};
/* End PBXGroup section */

/* Begin PBXNativeTarget section */
		07C309C3242EA86C0052B5C8 /* train */ = {
			isa = PBXNativeTarget;
			buildConfigurationList = 07C309EC242EA86E0052B5C8 /* Build configuration list for PBXNativeTarget "train" */;
			buildPhases = (
				07C309C0242EA86C0052B5C8 /* Sources */,
				07C309C1242EA86C0052B5C8 /* Frameworks */,
				07C309C2242EA86C0052B5C8 /* Resources */,
			);
			buildRules = (
			);
			dependencies = (
			);
			name = train;
			productName = train;
			productReference = 07C309C4242EA86C0052B5C8 /* train.app */;
			productType = "com.apple.product-type.application";
		};
		07C309D7242EA86E0052B5C8 /* trainTests */ = {
			isa = PBXNativeTarget;
			buildConfigurationList = 07C309EF242EA86E0052B5C8 /* Build configuration list for PBXNativeTarget "trainTests" */;
			buildPhases = (
				07C309D4242EA86E0052B5C8 /* Sources */,
				07C309D5242EA86E0052B5C8 /* Frameworks */,
				07C309D6242EA86E0052B5C8 /* Resources */,
			);
			buildRules = (
			);
			dependencies = (
				07C309DA242EA86E0052B5C8 /* PBXTargetDependency */,
			);
			name = trainTests;
			productName = trainTests;
			productReference = 07C309D8242EA86E0052B5C8 /* trainTests.xctest */;
			productType = "com.apple.product-type.bundle.unit-test";
		};
		07C309E2242EA86E0052B5C8 /* trainUITests */ = {
			isa = PBXNativeTarget;
			buildConfigurationList = 07C309F2242EA86E0052B5C8 /* Build configuration list for PBXNativeTarget "trainUITests" */;
			buildPhases = (
				07C309DF242EA86E0052B5C8 /* Sources */,
				07C309E0242EA86E0052B5C8 /* Frameworks */,
				07C309E1242EA86E0052B5C8 /* Resources */,
			);
			buildRules = (
			);
			dependencies = (
				07C309E5242EA86E0052B5C8 /* PBXTargetDependency */,
			);
			name = trainUITests;
			productName = trainUITests;
			productReference = 07C309E3242EA86E0052B5C8 /* trainUITests.xctest */;
			productType = "com.apple.product-type.bundle.ui-testing";
		};
/* End PBXNativeTarget section */

/* Begin PBXProject section */
		07C309BC242EA86C0052B5C8 /* Project object */ = {
			isa = PBXProject;
			attributes = {
				LastSwiftUpdateCheck = 0940;
				LastUpgradeCheck = 0940;
				ORGANIZATIONNAME = "IT Wolf MacBook 1";
				TargetAttributes = {
					07C309C3242EA86C0052B5C8 = {
						CreatedOnToolsVersion = 9.4.1;
					};
					07C309D7242EA86E0052B5C8 = {
						CreatedOnToolsVersion = 9.4.1;
						TestTargetID = 07C309C3242EA86C0052B5C8;
					};
					07C309E2242EA86E0052B5C8 = {
						CreatedOnToolsVersion = 9.4.1;
						TestTargetID = 07C309C3242EA86C0052B5C8;
					};
				};
			};
			buildConfigurationList = 07C309BF242EA86C0052B5C8 /* Build configuration list for PBXProject "train" */;
			compatibilityVersion = "Xcode 9.3";
			developmentRegion = en;
			hasScannedForEncodings = 0;
			knownRegions = (
				en,
				Base,
			);
			mainGroup = 07C309BB242EA86C0052B5C8;
			productRefGroup = 07C309C5242EA86C0052B5C8 /* Products */;
			projectDirPath = "";
			projectRoot = "";
			targets = (
				07C309C3242EA86C0052B5C8 /* train */,
				07C309D7242EA86E0052B5C8 /* trainTests */,
				07C309E2242EA86E0052B5C8 /* trainUITests */,
			);
		};
/* End PBXProject section */

/* Begin PBXResourcesBuildPhase section */
		07C309C2242EA86C0052B5C8 /* Resources */ = {
			isa = PBXResourcesBuildPhase;
			buildActionMask = 2147483647;
			files = (
				07C309D2242EA86D0052B5C8 /* LaunchScreen.storyboard in Resources */,
				076D1B0B243CE3A9009EDC8F /* oval.jpg in Resources */,
				07C309CF242EA86D0052B5C8 /* Assets.xcassets in Resources */,
				07C309CD242EA86C0052B5C8 /* Main.storyboard in Resources */,
			);
			runOnlyForDeploymentPostprocessing = 0;
		};
		07C309D6242EA86E0052B5C8 /* Resources */ = {
			isa = PBXResourcesBuildPhase;
			buildActionMask = 2147483647;
			files = (
			);
			runOnlyForDeploymentPostprocessing = 0;
		};
		07C309E1242EA86E0052B5C8 /* Resources */ = {
			isa = PBXResourcesBuildPhase;
			buildActionMask = 2147483647;
			files = (
			);
			runOnlyForDeploymentPostprocessing = 0;
		};
/* End PBXResourcesBuildPhase section */

/* Begin PBXSourcesBuildPhase section */
		07C309C0242EA86C0052B5C8 /* Sources */ = {
			isa = PBXSourcesBuildPhase;
			buildActionMask = 2147483647;
			files = (
				075919F2243B8E83007CF443 /* PlayingCardsAnimationViewController.swift in Sources */,
				07C309CA242EA86C0052B5C8 /* ConcentrationViewController.swift in Sources */,
				077CD0B02439CE2400DAA5EC /* PlayingCardView.swift in Sources */,
				07CF96882436674F00586A20 /* PlayingCardViewController.swift in Sources */,
				07C309C8242EA86C0052B5C8 /* AppDelegate.swift in Sources */,
				075919F0243B5603007CF443 /* ConcentrationThemeChooserViewController.swift in Sources */,
				0760F0E524348ADA0026DA43 /* Concentration.swift in Sources */,
				07CF968A243668E800586A20 /* PlayingCard.swift in Sources */,
				0760F0E724348AE80026DA43 /* Card.swift in Sources */,
				07CF968C24366DBC00586A20 /* PlayingCardDeck.swift in Sources */,
				076D1B06243CDF98009EDC8F /* ImageViewController.swift in Sources */,
				076D1B0D243CE3C3009EDC8F /* DemoURLs.swift in Sources */,
				076D1B03243C94E2009EDC8F /* CardBehavior.swift in Sources */,
			);
			runOnlyForDeploymentPostprocessing = 0;
		};
		07C309D4242EA86E0052B5C8 /* Sources */ = {
			isa = PBXSourcesBuildPhase;
			buildActionMask = 2147483647;
			files = (
				07C309DD242EA86E0052B5C8 /* trainTests.swift in Sources */,
			);
			runOnlyForDeploymentPostprocessing = 0;
		};
		07C309DF242EA86E0052B5C8 /* Sources */ = {
			isa = PBXSourcesBuildPhase;
			buildActionMask = 2147483647;
			files = (
				07C309E8242EA86E0052B5C8 /* trainUITests.swift in Sources */,
			);
			runOnlyForDeploymentPostprocessing = 0;
		};
/* End PBXSourcesBuildPhase section */

/* Begin PBXTargetDependency section */
		07C309DA242EA86E0052B5C8 /* PBXTargetDependency */ = {
			isa = PBXTargetDependency;
			target = 07C309C3242EA86C0052B5C8 /* train */;
			targetProxy = 07C309D9242EA86E0052B5C8 /* PBXContainerItemProxy */;
		};
		07C309E5242EA86E0052B5C8 /* PBXTargetDependency */ = {
			isa = PBXTargetDependency;
			target = 07C309C3242EA86C0052B5C8 /* train */;
			targetProxy = 07C309E4242EA86E0052B5C8 /* PBXContainerItemProxy */;
		};
/* End PBXTargetDependency section */

/* Begin PBXVariantGroup section */
		07C309CB242EA86C0052B5C8 /* Main.storyboard */ = {
			isa = PBXVariantGroup;
			children = (
				07C309CC242EA86C0052B5C8 /* Base */,
			);
			name = Main.storyboard;
			sourceTree = "<group>";
		};
		07C309D0242EA86D0052B5C8 /* LaunchScreen.storyboard */ = {
			isa = PBXVariantGroup;
			children = (
				07C309D1242EA86D0052B5C8 /* Base */,
			);
			name = LaunchScreen.storyboard;
			sourceTree = "<group>";
		};
/* End PBXVariantGroup section */

/* Begin XCBuildConfiguration section */
		07C309EA242EA86E0052B5C8 /* Debug */ = {
			isa = XCBuildConfiguration;
			buildSettings = {
				ALWAYS_SEARCH_USER_PATHS = NO;
				CLANG_ANALYZER_NONNULL = YES;
				CLANG_ANALYZER_NUMBER_OBJECT_CONVERSION = YES_AGGRESSIVE;
				CLANG_CXX_LANGUAGE_STANDARD = "gnu++14";
				CLANG_CXX_LIBRARY = "libc++";
				CLANG_ENABLE_MODULES = YES;
				CLANG_ENABLE_OBJC_ARC = YES;
				CLANG_ENABLE_OBJC_WEAK = YES;
				CLANG_WARN_BLOCK_CAPTURE_AUTORELEASING = YES;
				CLANG_WARN_BOOL_CONVERSION = YES;
				CLANG_WARN_COMMA = YES;
				CLANG_WARN_CONSTANT_CONVERSION = YES;
				CLANG_WARN_DEPRECATED_OBJC_IMPLEMENTATIONS = YES;
				CLANG_WARN_DIRECT_OBJC_ISA_USAGE = YES_ERROR;
				CLANG_WARN_DOCUMENTATION_COMMENTS = YES;
				CLANG_WARN_EMPTY_BODY = YES;
				CLANG_WARN_ENUM_CONVERSION = YES;
				CLANG_WARN_INFINITE_RECURSION = YES;
				CLANG_WARN_INT_CONVERSION = YES;
				CLANG_WARN_NON_LITERAL_NULL_CONVERSION = YES;
				CLANG_WARN_OBJC_IMPLICIT_RETAIN_SELF = YES;
				CLANG_WARN_OBJC_LITERAL_CONVERSION = YES;
				CLANG_WARN_OBJC_ROOT_CLASS = YES_ERROR;
				CLANG_WARN_RANGE_LOOP_ANALYSIS = YES;
				CLANG_WARN_STRICT_PROTOTYPES = YES;
				CLANG_WARN_SUSPICIOUS_MOVE = YES;
				CLANG_WARN_UNGUARDED_AVAILABILITY = YES_AGGRESSIVE;
				CLANG_WARN_UNREACHABLE_CODE = YES;
				CLANG_WARN__DUPLICATE_METHOD_MATCH = YES;
				CODE_SIGN_IDENTITY = "iPhone Developer";
				COPY_PHASE_STRIP = NO;
				DEBUG_INFORMATION_FORMAT = dwarf;
				ENABLE_STRICT_OBJC_MSGSEND = YES;
				ENABLE_TESTABILITY = YES;
				GCC_C_LANGUAGE_STANDARD = gnu11;
				GCC_DYNAMIC_NO_PIC = NO;
				GCC_NO_COMMON_BLOCKS = YES;
				GCC_OPTIMIZATION_LEVEL = 0;
				GCC_PREPROCESSOR_DEFINITIONS = (
					"DEBUG=1",
					"$(inherited)",
				);
				GCC_WARN_64_TO_32_BIT_CONVERSION = YES;
				GCC_WARN_ABOUT_RETURN_TYPE = YES_ERROR;
				GCC_WARN_UNDECLARED_SELECTOR = YES;
				GCC_WARN_UNINITIALIZED_AUTOS = YES_AGGRESSIVE;
				GCC_WARN_UNUSED_FUNCTION = YES;
				GCC_WARN_UNUSED_VARIABLE = YES;
				IPHONEOS_DEPLOYMENT_TARGET = 11.4;
				MTL_ENABLE_DEBUG_INFO = YES;
				ONLY_ACTIVE_ARCH = YES;
				SDKROOT = iphoneos;
				SWIFT_ACTIVE_COMPILATION_CONDITIONS = DEBUG;
				SWIFT_OPTIMIZATION_LEVEL = "-Onone";
				SWIFT_VERSION = 4.0;
			};
			name = Debug;
		};
		07C309EB242EA86E0052B5C8 /* Release */ = {
			isa = XCBuildConfiguration;
			buildSettings = {
				ALWAYS_SEARCH_USER_PATHS = NO;
				CLANG_ANALYZER_NONNULL = YES;
				CLANG_ANALYZER_NUMBER_OBJECT_CONVERSION = YES_AGGRESSIVE;
				CLANG_CXX_LANGUAGE_STANDARD = "gnu++14";
				CLANG_CXX_LIBRARY = "libc++";
				CLANG_ENABLE_MODULES = YES;
				CLANG_ENABLE_OBJC_ARC = YES;
				CLANG_ENABLE_OBJC_WEAK = YES;
				CLANG_WARN_BLOCK_CAPTURE_AUTORELEASING = YES;
				CLANG_WARN_BOOL_CONVERSION = YES;
				CLANG_WARN_COMMA = YES;
				CLANG_WARN_CONSTANT_CONVERSION = YES;
				CLANG_WARN_DEPRECATED_OBJC_IMPLEMENTATIONS = YES;
				CLANG_WARN_DIRECT_OBJC_ISA_USAGE = YES_ERROR;
				CLANG_WARN_DOCUMENTATION_COMMENTS = YES;
				CLANG_WARN_EMPTY_BODY = YES;
				CLANG_WARN_ENUM_CONVERSION = YES;
				CLANG_WARN_INFINITE_RECURSION = YES;
				CLANG_WARN_INT_CONVERSION = YES;
				CLANG_WARN_NON_LITERAL_NULL_CONVERSION = YES;
				CLANG_WARN_OBJC_IMPLICIT_RETAIN_SELF = YES;
				CLANG_WARN_OBJC_LITERAL_CONVERSION = YES;
				CLANG_WARN_OBJC_ROOT_CLASS = YES_ERROR;
				CLANG_WARN_RANGE_LOOP_ANALYSIS = YES;
				CLANG_WARN_STRICT_PROTOTYPES = YES;
				CLANG_WARN_SUSPICIOUS_MOVE = YES;
				CLANG_WARN_UNGUARDED_AVAILABILITY = YES_AGGRESSIVE;
				CLANG_WARN_UNREACHABLE_CODE = YES;
				CLANG_WARN__DUPLICATE_METHOD_MATCH = YES;
				CODE_SIGN_IDENTITY = "iPhone Developer";
				COPY_PHASE_STRIP = NO;
				DEBUG_INFORMATION_FORMAT = "dwarf-with-dsym";
				ENABLE_NS_ASSERTIONS = NO;
				ENABLE_STRICT_OBJC_MSGSEND = YES;
				GCC_C_LANGUAGE_STANDARD = gnu11;
				GCC_NO_COMMON_BLOCKS = YES;
				GCC_WARN_64_TO_32_BIT_CONVERSION = YES;
				GCC_WARN_ABOUT_RETURN_TYPE = YES_ERROR;
				GCC_WARN_UNDECLARED_SELECTOR = YES;
				GCC_WARN_UNINITIALIZED_AUTOS = YES_AGGRESSIVE;
				GCC_WARN_UNUSED_FUNCTION = YES;
				GCC_WARN_UNUSED_VARIABLE = YES;
				IPHONEOS_DEPLOYMENT_TARGET = 11.4;
				MTL_ENABLE_DEBUG_INFO = NO;
				SDKROOT = iphoneos;
				SWIFT_COMPILATION_MODE = wholemodule;
				SWIFT_OPTIMIZATION_LEVEL = "-O";
				SWIFT_VERSION = 4.0;
				VALIDATE_PRODUCT = YES;
			};
			name = Release;
		};
		07C309ED242EA86E0052B5C8 /* Debug */ = {
			isa = XCBuildConfiguration;
			buildSettings = {
				ASSETCATALOG_COMPILER_APPICON_NAME = AppIcon;
				CODE_SIGN_STYLE = Automatic;
				INFOPLIST_FILE = train/Info.plist;
				IPHONEOS_DEPLOYMENT_TARGET = 11.4;
				LD_RUNPATH_SEARCH_PATHS = (
					"$(inherited)",
					"@executable_path/Frameworks",
				);
				PRODUCT_BUNDLE_IDENTIFIER = itwolf.train;
				PRODUCT_NAME = "$(TARGET_NAME)";
				SWIFT_VERSION = 4.0;
				TARGETED_DEVICE_FAMILY = "1,2";
			};
			name = Debug;
		};
		07C309EE242EA86E0052B5C8 /* Release */ = {
			isa = XCBuildConfiguration;
			buildSettings = {
				ASSETCATALOG_COMPILER_APPICON_NAME = AppIcon;
				CODE_SIGN_STYLE = Automatic;
				INFOPLIST_FILE = train/Info.plist;
				IPHONEOS_DEPLOYMENT_TARGET = 11.4;
				LD_RUNPATH_SEARCH_PATHS = (
					"$(inherited)",
					"@executable_path/Frameworks",
				);
				PRODUCT_BUNDLE_IDENTIFIER = itwolf.train;
				PRODUCT_NAME = "$(TARGET_NAME)";
				SWIFT_VERSION = 4.0;
				TARGETED_DEVICE_FAMILY = "1,2";
			};
			name = Release;
		};
		07C309F0242EA86E0052B5C8 /* Debug */ = {
			isa = XCBuildConfiguration;
			buildSettings = {
				ALWAYS_EMBED_SWIFT_STANDARD_LIBRARIES = YES;
				BUNDLE_LOADER = "$(TEST_HOST)";
				CODE_SIGN_STYLE = Automatic;
				INFOPLIST_FILE = trainTests/Info.plist;
				LD_RUNPATH_SEARCH_PATHS = (
					"$(inherited)",
					"@executable_path/Frameworks",
					"@loader_path/Frameworks",
				);
				PRODUCT_BUNDLE_IDENTIFIER = itwolf.trainTests;
				PRODUCT_NAME = "$(TARGET_NAME)";
				SWIFT_VERSION = 4.0;
				TARGETED_DEVICE_FAMILY = "1,2";
				TEST_HOST = "$(BUILT_PRODUCTS_DIR)/train.app/train";
			};
			name = Debug;
		};
		07C309F1242EA86E0052B5C8 /* Release */ = {
			isa = XCBuildConfiguration;
			buildSettings = {
				ALWAYS_EMBED_SWIFT_STANDARD_LIBRARIES = YES;
				BUNDLE_LOADER = "$(TEST_HOST)";
				CODE_SIGN_STYLE = Automatic;
				INFOPLIST_FILE = trainTests/Info.plist;
				LD_RUNPATH_SEARCH_PATHS = (
					"$(inherited)",
					"@executable_path/Frameworks",
					"@loader_path/Frameworks",
				);
				PRODUCT_BUNDLE_IDENTIFIER = itwolf.trainTests;
				PRODUCT_NAME = "$(TARGET_NAME)";
				SWIFT_VERSION = 4.0;
				TARGETED_DEVICE_FAMILY = "1,2";
				TEST_HOST = "$(BUILT_PRODUCTS_DIR)/train.app/train";
			};
			name = Release;
		};
		07C309F3242EA86E0052B5C8 /* Debug */ = {
			isa = XCBuildConfiguration;
			buildSettings = {
				ALWAYS_EMBED_SWIFT_STANDARD_LIBRARIES = YES;
				CODE_SIGN_STYLE = Automatic;
				INFOPLIST_FILE = trainUITests/Info.plist;
				LD_RUNPATH_SEARCH_PATHS = (
					"$(inherited)",
					"@executable_path/Frameworks",
					"@loader_path/Frameworks",
				);
				PRODUCT_BUNDLE_IDENTIFIER = itwolf.trainUITests;
				PRODUCT_NAME = "$(TARGET_NAME)";
				SWIFT_VERSION = 4.0;
				TARGETED_DEVICE_FAMILY = "1,2";
				TEST_TARGET_NAME = train;
			};
			name = Debug;
		};
		07C309F4242EA86E0052B5C8 /* Release */ = {
			isa = XCBuildConfiguration;
			buildSettings = {
				ALWAYS_EMBED_SWIFT_STANDARD_LIBRARIES = YES;
				CODE_SIGN_STYLE = Automatic;
				INFOPLIST_FILE = trainUITests/Info.plist;
				LD_RUNPATH_SEARCH_PATHS = (
					"$(inherited)",
					"@executable_path/Frameworks",
					"@loader_path/Frameworks",
				);
				PRODUCT_BUNDLE_IDENTIFIER = itwolf.trainUITests;
				PRODUCT_NAME = "$(TARGET_NAME)";
				SWIFT_VERSION = 4.0;
				TARGETED_DEVICE_FAMILY = "1,2";
				TEST_TARGET_NAME = train;
			};
			name = Release;
		};
/* End XCBuildConfiguration section */

/* Begin XCConfigurationList section */
		07C309BF242EA86C0052B5C8 /* Build configuration list for PBXProject "train" */ = {
			isa = XCConfigurationList;
			buildConfigurations = (
				07C309EA242EA86E0052B5C8 /* Debug */,
				07C309EB242EA86E0052B5C8 /* Release */,
			);
			defaultConfigurationIsVisible = 0;
			defaultConfigurationName = Release;
		};
		07C309EC242EA86E0052B5C8 /* Build configuration list for PBXNativeTarget "train" */ = {
			isa = XCConfigurationList;
			buildConfigurations = (
				07C309ED242EA86E0052B5C8 /* Debug */,
				07C309EE242EA86E0052B5C8 /* Release */,
			);
			defaultConfigurationIsVisible = 0;
			defaultConfigurationName = Release;
		};
		07C309EF242EA86E0052B5C8 /* Build configuration list for PBXNativeTarget "trainTests" */ = {
			isa = XCConfigurationList;
			buildConfigurations = (
				07C309F0242EA86E0052B5C8 /* Debug */,
				07C309F1242EA86E0052B5C8 /* Release */,
			);
			defaultConfigurationIsVisible = 0;
			defaultConfigurationName = Release;
		};
		07C309F2242EA86E0052B5C8 /* Build configuration list for PBXNativeTarget "trainUITests" */ = {
			isa = XCConfigurationList;
			buildConfigurations = (
				07C309F3242EA86E0052B5C8 /* Debug */,
				07C309F4242EA86E0052B5C8 /* Release */,
			);
			defaultConfigurationIsVisible = 0;
			defaultConfigurationName = Release;
		};
/* End XCConfigurationList section */
	};
	rootObject = 07C309BC242EA86C0052B5C8 /* Project object */;
}
